
Microsoft Visual Studio Solution File, Format Version 12.00
# Visual Studio Version 17
VisualStudioVersion = 17.5.002.0
MinimumVisualStudioVersion = 10.0.40219.1
Project("{9A19103F-16F7-4668-BE54-9A1E7A4F7556}") = "CSharp", "CSharp.csproj", "{FBA42B7F-4E54-42CA-83D2-3D1BDB43EAC9}"
EndProject
Global
	GlobalSection(SolutionConfigurationPlatforms) = preSolution
		Debug|Any CPU = Debug|Any CPU
		Release|Any CPU = Release|Any CPU
	EndGlobalSection
	GlobalSection(ProjectConfigurationPlatforms) = postSolution
		{FBA42B7F-4E54-42CA-83D2-3D1BDB43EAC9}.Debug|Any CPU.ActiveCfg = Debug|Any CPU
		{FBA42B7F-4E54-42CA-83D2-3D1BDB43EAC9}.Debug|Any CPU.Build.0 = Debug|Any CPU
		{FBA42B7F-4E54-42CA-83D2-3D1BDB43EAC9}.Release|Any CPU.ActiveCfg = Release|Any CPU
		{FBA42B7F-4E54-42CA-83D2-3D1BDB43EAC9}.Release|Any CPU.Build.0 = Release|Any CPU
	EndGlobalSection
	GlobalSection(SolutionProperties) = preSolution
		HideSolutionNode = FALSE
	EndGlobalSection
	GlobalSection(ExtensibilityGlobals) = postSolution
		SolutionGuid = {513E30E3-C99B-43F5-8927-F8CB3BB415DE}
	EndGlobalSection
EndGlobal
